
Microsoft Visual Studio Solution File, Format Version 12.00
# Visual Studio 14
VisualStudioVersion = 14.0.24720.0
MinimumVisualStudioVersion = 10.0.40219.1
Project("{FAE04EC0-301F-11D3-BF4B-00C04F79EFBC}") = "EjemploCustomControls.Droid", "EjemploCustomControls\EjemploCustomControls.Droid\EjemploCustomControls.Droid.csproj", "{06F02FC9-9C0A-4C72-8ED2-1E5DC42C5A39}"
EndProject
Project("{FAE04EC0-301F-11D3-BF4B-00C04F79EFBC}") = "EjemploCustomControls.iOS", "EjemploCustomControls\EjemploCustomControls.iOS\EjemploCustomControls.iOS.csproj", "{585E701D-2F98-41AD-9D45-CA0E3A8C9F96}"
EndProject
Project("{FAE04EC0-301F-11D3-BF4B-00C04F79EFBC}") = "EjemploCustomControls.WinPhone", "EjemploCustomControls\EjemploCustomControls.WinPhone\EjemploCustomControls.WinPhone.csproj", "{2C2AD352-8145-4C65-976C-C66DCD54E1DD}"
EndProject
Project("{FAE04EC0-301F-11D3-BF4B-00C04F79EFBC}") = "EjemploCustomControls", "EjemploCustomControls\EjemploCustomControls\EjemploCustomControls.csproj", "{6135D27C-66A7-4F75-B4EB-0C00DC6FE68A}"
EndProject
Global
	GlobalSection(SolutionConfigurationPlatforms) = preSolution
		Ad-Hoc|Any CPU = Ad-Hoc|Any CPU
		Ad-Hoc|ARM = Ad-Hoc|ARM
		Ad-Hoc|iPhone = Ad-Hoc|iPhone
		Ad-Hoc|iPhoneSimulator = Ad-Hoc|iPhoneSimulator
		Ad-Hoc|x86 = Ad-Hoc|x86
		AppStore|Any CPU = AppStore|Any CPU
		AppStore|ARM = AppStore|ARM
		AppStore|iPhone = AppStore|iPhone
		AppStore|iPhoneSimulator = AppStore|iPhoneSimulator
		AppStore|x86 = AppStore|x86
		Debug|Any CPU = Debug|Any CPU
		Debug|ARM = Debug|ARM
		Debug|iPhone = Debug|iPhone
		Debug|iPhoneSimulator = Debug|iPhoneSimulator
		Debug|x86 = Debug|x86
		Release|Any CPU = Release|Any CPU
		Release|ARM = Release|ARM
		Release|iPhone = Release|iPhone
		Release|iPhoneSimulator = Release|iPhoneSimulator
		Release|x86 = Release|x86
	EndGlobalSection
	GlobalSection(ProjectConfigurationPlatforms) = postSolution
		{06F02FC9-9C0A-4C72-8ED2-1E5DC42C5A39}.Ad-Hoc|Any CPU.ActiveCfg = Release|Any CPU
		{06F02FC9-9C0A-4C72-8ED2-1E5DC42C5A39}.Ad-Hoc|Any CPU.Build.0 = Release|Any CPU
		{06F02FC9-9C0A-4C72-8ED2-1E5DC42C5A39}.Ad-Hoc|Any CPU.Deploy.0 = Release|Any CPU
		{06F02FC9-9C0A-4C72-8ED2-1E5DC42C5A39}.Ad-Hoc|ARM.ActiveCfg = Release|Any CPU
		{06F02FC9-9C0A-4C72-8ED2-1E5DC42C5A39}.Ad-Hoc|ARM.Build.0 = Release|Any CPU
		{06F02FC9-9C0A-4C72-8ED2-1E5DC42C5A39}.Ad-Hoc|ARM.Deploy.0 = Release|Any CPU
		{06F02FC9-9C0A-4C72-8ED2-1E5DC42C5A39}.Ad-Hoc|iPhone.ActiveCfg = Release|Any CPU
		{06F02FC9-9C0A-4C72-8ED2-1E5DC42C5A39}.Ad-Hoc|iPhone.Build.0 = Release|Any CPU
		{06F02FC9-9C0A-4C72-8ED2-1E5DC42C5A39}.Ad-Hoc|iPhone.Deploy.0 = Release|Any CPU
		{06F02FC9-9C0A-4C72-8ED2-1E5DC42C5A39}.Ad-Hoc|iPhoneSimulator.ActiveCfg = Release|Any CPU
		{06F02FC9-9C0A-4C72-8ED2-1E5DC42C5A39}.Ad-Hoc|iPhoneSimulator.Build.0 = Release|Any CPU
		{06F02FC9-9C0A-4C72-8ED2-1E5DC42C5A39}.Ad-Hoc|iPhoneSimulator.Deploy.0 = Release|Any CPU
		{06F02FC9-9C0A-4C72-8ED2-1E5DC42C5A39}.Ad-Hoc|x86.ActiveCfg = Release|Any CPU
		{06F02FC9-9C0A-4C72-8ED2-1E5DC42C5A39}.Ad-Hoc|x86.Build.0 = Release|Any CPU
		{06F02FC9-9C0A-4C72-8ED2-1E5DC42C5A39}.Ad-Hoc|x86.Deploy.0 = Release|Any CPU
		{06F02FC9-9C0A-4C72-8ED2-1E5DC42C5A39}.AppStore|Any CPU.ActiveCfg = Release|Any CPU
		{06F02FC9-9C0A-4C72-8ED2-1E5DC42C5A39}.AppStore|Any CPU.Build.0 = Release|Any CPU
		{06F02FC9-9C0A-4C72-8ED2-1E5DC42C5A39}.AppStore|Any CPU.Deploy.0 = Release|Any CPU
		{06F02FC9-9C0A-4C72-8ED2-1E5DC42C5A39}.AppStore|ARM.ActiveCfg = Release|Any CPU
		{06F02FC9-9C0A-4C72-8ED2-1E5DC42C5A39}.AppStore|ARM.Build.0 = Release|Any CPU
		{06F02FC9-9C0A-4C72-8ED2-1E5DC42C5A39}.AppStore|ARM.Deploy.0 = Release|Any CPU
		{06F02FC9-9C0A-4C72-8ED2-1E5DC42C5A39}.AppStore|iPhone.ActiveCfg = Release|Any CPU
		{06F02FC9-9C0A-4C72-8ED2-1E5DC42C5A39}.AppStore|iPhone.Build.0 = Release|Any CPU
		{06F02FC9-9C0A-4C72-8ED2-1E5DC42C5A39}.AppStore|iPhone.Deploy.0 = Release|Any CPU
		{06F02FC9-9C0A-4C72-8ED2-1E5DC42C5A39}.AppStore|iPhoneSimulator.ActiveCfg = Release|Any CPU
		{06F02FC9-9C0A-4C72-8ED2-1E5DC42C5A39}.AppStore|iPhoneSimulator.Build.0 = Release|Any CPU
		{06F02FC9-9C0A-4C72-8ED2-1E5DC42C5A39}.AppStore|iPhoneSimulator.Deploy.0 = Release|Any CPU
		{06F02FC9-9C0A-4C72-8ED2-1E5DC42C5A39}.AppStore|x86.ActiveCfg = Release|Any CPU
		{06F02FC9-9C0A-4C72-8ED2-1E5DC42C5A39}.AppStore|x86.Build.0 = Release|Any CPU
		{06F02FC9-9C0A-4C72-8ED2-1E5DC42C5A39}.AppStore|x86.Deploy.0 = Release|Any CPU
		{06F02FC9-9C0A-4C72-8ED2-1E5DC42C5A39}.Debug|Any CPU.ActiveCfg = Debug|Any CPU
		{06F02FC9-9C0A-4C72-8ED2-1E5DC42C5A39}.Debug|Any CPU.Build.0 = Debug|Any CPU
		{06F02FC9-9C0A-4C72-8ED2-1E5DC42C5A39}.Debug|Any CPU.Deploy.0 = Debug|Any CPU
		{06F02FC9-9C0A-4C72-8ED2-1E5DC42C5A39}.Debug|ARM.ActiveCfg = Debug|Any CPU
		{06F02FC9-9C0A-4C72-8ED2-1E5DC42C5A39}.Debug|ARM.Build.0 = Debug|Any CPU
		{06F02FC9-9C0A-4C72-8ED2-1E5DC42C5A39}.Debug|ARM.Deploy.0 = Debug|Any CPU
		{06F02FC9-9C0A-4C72-8ED2-1E5DC42C5A39}.Debug|iPhone.ActiveCfg = Debug|Any CPU
		{06F02FC9-9C0A-4C72-8ED2-1E5DC42C5A39}.Debug|iPhone.Build.0 = Debug|Any CPU
		{06F02FC9-9C0A-4C72-8ED2-1E5DC42C5A39}.Debug|iPhone.Deploy.0 = Debug|Any CPU
		{06F02FC9-9C0A-4C72-8ED2-1E5DC42C5A39}.Debug|iPhoneSimulator.ActiveCfg = Debug|Any CPU
		{06F02FC9-9C0A-4C72-8ED2-1E5DC42C5A39}.Debug|iPhoneSimulator.Build.0 = Debug|Any CPU
		{06F02FC9-9C0A-4C72-8ED2-1E5DC42C5A39}.Debug|iPhoneSimulator.Deploy.0 = Debug|Any CPU
		{06F02FC9-9C0A-4C72-8ED2-1E5DC42C5A39}.Debug|x86.ActiveCfg = Debug|Any CPU
		{06F02FC9-9C0A-4C72-8ED2-1E5DC42C5A39}.Debug|x86.Build.0 = Debug|Any CPU
		{06F02FC9-9C0A-4C72-8ED2-1E5DC42C5A39}.Debug|x86.Deploy.0 = Debug|Any CPU
		{06F02FC9-9C0A-4C72-8ED2-1E5DC42C5A39}.Release|Any CPU.ActiveCfg = Release|Any CPU
		{06F02FC9-9C0A-4C72-8ED2-1E5DC42C5A39}.Release|Any CPU.Build.0 = Release|Any CPU
		{06F02FC9-9C0A-4C72-8ED2-1E5DC42C5A39}.Release|Any CPU.Deploy.0 = Release|Any CPU
		{06F02FC9-9C0A-4C72-8ED2-1E5DC42C5A39}.Release|ARM.ActiveCfg = Release|Any CPU
		{06F02FC9-9C0A-4C72-8ED2-1E5DC42C5A39}.Release|ARM.Build.0 = Release|Any CPU
		{06F02FC9-9C0A-4C72-8ED2-1E5DC42C5A39}.Release|ARM.Deploy.0 = Release|Any CPU
		{06F02FC9-9C0A-4C72-8ED2-1E5DC42C5A39}.Release|iPhone.ActiveCfg = Release|Any CPU
		{06F02FC9-9C0A-4C72-8ED2-1E5DC42C5A39}.Release|iPhone.Build.0 = Release|Any CPU
		{06F02FC9-9C0A-4C72-8ED2-1E5DC42C5A39}.Release|iPhone.Deploy.0 = Release|Any CPU
		{06F02FC9-9C0A-4C72-8ED2-1E5DC42C5A39}.Release|iPhoneSimulator.ActiveCfg = Release|Any CPU
		{06F02FC9-9C0A-4C72-8ED2-1E5DC42C5A39}.Release|iPhoneSimulator.Build.0 = Release|Any CPU
		{06F02FC9-9C0A-4C72-8ED2-1E5DC42C5A39}.Release|iPhoneSimulator.Deploy.0 = Release|Any CPU
		{06F02FC9-9C0A-4C72-8ED2-1E5DC42C5A39}.Release|x86.ActiveCfg = Release|Any CPU
		{06F02FC9-9C0A-4C72-8ED2-1E5DC42C5A39}.Release|x86.Build.0 = Release|Any CPU
		{06F02FC9-9C0A-4C72-8ED2-1E5DC42C5A39}.Release|x86.Deploy.0 = Release|Any CPU
		{585E701D-2F98-41AD-9D45-CA0E3A8C9F96}.Ad-Hoc|Any CPU.ActiveCfg = Ad-Hoc|iPhone
		{585E701D-2F98-41AD-9D45-CA0E3A8C9F96}.Ad-Hoc|ARM.ActiveCfg = Ad-Hoc|iPhone
		{585E701D-2F98-41AD-9D45-CA0E3A8C9F96}.Ad-Hoc|iPhone.ActiveCfg = Ad-Hoc|iPhone
		{585E701D-2F98-41AD-9D45-CA0E3A8C9F96}.Ad-Hoc|iPhone.Build.0 = Ad-Hoc|iPhone
		{585E701D-2F98-41AD-9D45-CA0E3A8C9F96}.Ad-Hoc|iPhoneSimulator.ActiveCfg = Ad-Hoc|iPhoneSimulator
		{585E701D-2F98-41AD-9D45-CA0E3A8C9F96}.Ad-Hoc|iPhoneSimulator.Build.0 = Ad-Hoc|iPhoneSimulator
		{585E701D-2F98-41AD-9D45-CA0E3A8C9F96}.Ad-Hoc|x86.ActiveCfg = Ad-Hoc|iPhone
		{585E701D-2F98-41AD-9D45-CA0E3A8C9F96}.AppStore|Any CPU.ActiveCfg = AppStore|iPhone
		{585E701D-2F98-41AD-9D45-CA0E3A8C9F96}.AppStore|ARM.ActiveCfg = AppStore|iPhone
		{585E701D-2F98-41AD-9D45-CA0E3A8C9F96}.AppStore|iPhone.ActiveCfg = AppStore|iPhone
		{585E701D-2F98-41AD-9D45-CA0E3A8C9F96}.AppStore|iPhone.Build.0 = AppStore|iPhone
		{585E701D-2F98-41AD-9D45-CA0E3A8C9F96}.AppStore|iPhoneSimulator.ActiveCfg = AppStore|iPhoneSimulator
		{585E701D-2F98-41AD-9D45-CA0E3A8C9F96}.AppStore|iPhoneSimulator.Build.0 = AppStore|iPhoneSimulator
		{585E701D-2F98-41AD-9D45-CA0E3A8C9F96}.AppStore|x86.ActiveCfg = AppStore|iPhone
		{585E701D-2F98-41AD-9D45-CA0E3A8C9F96}.Debug|Any CPU.ActiveCfg = Debug|iPhone
		{585E701D-2F98-41AD-9D45-CA0E3A8C9F96}.Debug|ARM.ActiveCfg = Debug|iPhone
		{585E701D-2F98-41AD-9D45-CA0E3A8C9F96}.Debug|iPhone.ActiveCfg = Debug|iPhone
		{585E701D-2F98-41AD-9D45-CA0E3A8C9F96}.Debug|iPhone.Build.0 = Debug|iPhone
		{585E701D-2F98-41AD-9D45-CA0E3A8C9F96}.Debug|iPhoneSimulator.ActiveCfg = Debug|iPhoneSimulator
		{585E701D-2F98-41AD-9D45-CA0E3A8C9F96}.Debug|iPhoneSimulator.Build.0 = Debug|iPhoneSimulator
		{585E701D-2F98-41AD-9D45-CA0E3A8C9F96}.Debug|x86.ActiveCfg = Debug|iPhone
		{585E701D-2F98-41AD-9D45-CA0E3A8C9F96}.Release|Any CPU.ActiveCfg = Release|iPhone
		{585E701D-2F98-41AD-9D45-CA0E3A8C9F96}.Release|ARM.ActiveCfg = Release|iPhone
		{585E701D-2F98-41AD-9D45-CA0E3A8C9F96}.Release|iPhone.ActiveCfg = Release|iPhone
		{585E701D-2F98-41AD-9D45-CA0E3A8C9F96}.Release|iPhone.Build.0 = Release|iPhone
		{585E701D-2F98-41AD-9D45-CA0E3A8C9F96}.Release|iPhoneSimulator.ActiveCfg = Release|iPhoneSimulator
		{585E701D-2F98-41AD-9D45-CA0E3A8C9F96}.Release|iPhoneSimulator.Build.0 = Release|iPhoneSimulator
		{585E701D-2F98-41AD-9D45-CA0E3A8C9F96}.Release|x86.ActiveCfg = Release|iPhone
		{2C2AD352-8145-4C65-976C-C66DCD54E1DD}.Ad-Hoc|Any CPU.ActiveCfg = Release|Any CPU
		{2C2AD352-8145-4C65-976C-C66DCD54E1DD}.Ad-Hoc|Any CPU.Build.0 = Release|Any CPU
		{2C2AD352-8145-4C65-976C-C66DCD54E1DD}.Ad-Hoc|Any CPU.Deploy.0 = Release|Any CPU
		{2C2AD352-8145-4C65-976C-C66DCD54E1DD}.Ad-Hoc|ARM.ActiveCfg = Release|ARM
		{2C2AD352-8145-4C65-976C-C66DCD54E1DD}.Ad-Hoc|ARM.Build.0 = Release|ARM
		{2C2AD352-8145-4C65-976C-C66DCD54E1DD}.Ad-Hoc|ARM.Deploy.0 = Release|ARM
		{2C2AD352-8145-4C65-976C-C66DCD54E1DD}.Ad-Hoc|iPhone.ActiveCfg = Release|Any CPU
		{2C2AD352-8145-4C65-976C-C66DCD54E1DD}.Ad-Hoc|iPhone.Build.0 = Release|Any CPU
		{2C2AD352-8145-4C65-976C-C66DCD54E1DD}.Ad-Hoc|iPhone.Deploy.0 = Release|Any CPU
		{2C2AD352-8145-4C65-976C-C66DCD54E1DD}.Ad-Hoc|iPhoneSimulator.ActiveCfg = Release|Any CPU
		{2C2AD352-8145-4C65-976C-C66DCD54E1DD}.Ad-Hoc|iPhoneSimulator.Build.0 = Release|Any CPU
		{2C2AD352-8145-4C65-976C-C66DCD54E1DD}.Ad-Hoc|iPhoneSimulator.Deploy.0 = Release|Any CPU
		{2C2AD352-8145-4C65-976C-C66DCD54E1DD}.Ad-Hoc|x86.ActiveCfg = Release|x86
		{2C2AD352-8145-4C65-976C-C66DCD54E1DD}.Ad-Hoc|x86.Build.0 = Release|x86
		{2C2AD352-8145-4C65-976C-C66DCD54E1DD}.Ad-Hoc|x86.Deploy.0 = Release|x86
		{2C2AD352-8145-4C65-976C-C66DCD54E1DD}.AppStore|Any CPU.ActiveCfg = Release|Any CPU
		{2C2AD352-8145-4C65-976C-C66DCD54E1DD}.AppStore|Any CPU.Build.0 = Release|Any CPU
		{2C2AD352-8145-4C65-976C-C66DCD54E1DD}.AppStore|Any CPU.Deploy.0 = Release|Any CPU
		{2C2AD352-8145-4C65-976C-C66DCD54E1DD}.AppStore|ARM.ActiveCfg = Release|ARM
		{2C2AD352-8145-4C65-976C-C66DCD54E1DD}.AppStore|ARM.Build.0 = Release|ARM
		{2C2AD352-8145-4C65-976C-C66DCD54E1DD}.AppStore|ARM.Deploy.0 = Release|ARM
		{2C2AD352-8145-4C65-976C-C66DCD54E1DD}.AppStore|iPhone.ActiveCfg = Release|Any CPU
		{2C2AD352-8145-4C65-976C-C66DCD54E1DD}.AppStore|iPhone.Build.0 = Release|Any CPU
		{2C2AD352-8145-4C65-976C-C66DCD54E1DD}.AppStore|iPhone.Deploy.0 = Release|Any CPU
		{2C2AD352-8145-4C65-976C-C66DCD54E1DD}.AppStore|iPhoneSimulator.ActiveCfg = Release|Any CPU
		{2C2AD352-8145-4C65-976C-C66DCD54E1DD}.AppStore|iPhoneSimulator.Build.0 = Release|Any CPU
		{2C2AD352-8145-4C65-976C-C66DCD54E1DD}.AppStore|iPhoneSimulator.Deploy.0 = Release|Any CPU
		{2C2AD352-8145-4C65-976C-C66DCD54E1DD}.AppStore|x86.ActiveCfg = Release|x86
		{2C2AD352-8145-4C65-976C-C66DCD54E1DD}.AppStore|x86.Build.0 = Release|x86
		{2C2AD352-8145-4C65-976C-C66DCD54E1DD}.AppStore|x86.Deploy.0 = Release|x86
		{2C2AD352-8145-4C65-976C-C66DCD54E1DD}.Debug|Any CPU.ActiveCfg = Debug|Any CPU
		{2C2AD352-8145-4C65-976C-C66DCD54E1DD}.Debug|Any CPU.Build.0 = Debug|Any CPU
		{2C2AD352-8145-4C65-976C-C66DCD54E1DD}.Debug|Any CPU.Deploy.0 = Debug|Any CPU
		{2C2AD352-8145-4C65-976C-C66DCD54E1DD}.Debug|ARM.ActiveCfg = Debug|ARM
		{2C2AD352-8145-4C65-976C-C66DCD54E1DD}.Debug|ARM.Build.0 = Debug|ARM
		{2C2AD352-8145-4C65-976C-C66DCD54E1DD}.Debug|ARM.Deploy.0 = Debug|ARM
		{2C2AD352-8145-4C65-976C-C66DCD54E1DD}.Debug|iPhone.ActiveCfg = Debug|Any CPU
		{2C2AD352-8145-4C65-976C-C66DCD54E1DD}.Debug|iPhone.Build.0 = Debug|Any CPU
		{2C2AD352-8145-4C65-976C-C66DCD54E1DD}.Debug|iPhone.Deploy.0 = Debug|Any CPU
		{2C2AD352-8145-4C65-976C-C66DCD54E1DD}.Debug|iPhoneSimulator.ActiveCfg = Debug|Any CPU
		{2C2AD352-8145-4C65-976C-C66DCD54E1DD}.Debug|iPhoneSimulator.Build.0 = Debug|Any CPU
		{2C2AD352-8145-4C65-976C-C66DCD54E1DD}.Debug|iPhoneSimulator.Deploy.0 = Debug|Any CPU
		{2C2AD352-8145-4C65-976C-C66DCD54E1DD}.Debug|x86.ActiveCfg = Debug|x86
		{2C2AD352-8145-4C65-976C-C66DCD54E1DD}.Debug|x86.Build.0 = Debug|x86
		{2C2AD352-8145-4C65-976C-C66DCD54E1DD}.Debug|x86.Deploy.0 = Debug|x86
		{2C2AD352-8145-4C65-976C-C66DCD54E1DD}.Release|Any CPU.ActiveCfg = Release|Any CPU
		{2C2AD352-8145-4C65-976C-C66DCD54E1DD}.Release|Any CPU.Build.0 = Release|Any CPU
		{2C2AD352-8145-4C65-976C-C66DCD54E1DD}.Release|Any CPU.Deploy.0 = Release|Any CPU
		{2C2AD352-8145-4C65-976C-C66DCD54E1DD}.Release|ARM.ActiveCfg = Release|ARM
		{2C2AD352-8145-4C65-976C-C66DCD54E1DD}.Release|ARM.Build.0 = Release|ARM
		{2C2AD352-8145-4C65-976C-C66DCD54E1DD}.Release|ARM.Deploy.0 = Release|ARM
		{2C2AD352-8145-4C65-976C-C66DCD54E1DD}.Release|iPhone.ActiveCfg = Release|Any CPU
		{2C2AD352-8145-4C65-976C-C66DCD54E1DD}.Release|iPhone.Build.0 = Release|Any CPU
		{2C2AD352-8145-4C65-976C-C66DCD54E1DD}.Release|iPhone.Deploy.0 = Release|Any CPU
		{2C2AD352-8145-4C65-976C-C66DCD54E1DD}.Release|iPhoneSimulator.ActiveCfg = Release|Any CPU
		{2C2AD352-8145-4C65-976C-C66DCD54E1DD}.Release|iPhoneSimulator.Build.0 = Release|Any CPU
		{2C2AD352-8145-4C65-976C-C66DCD54E1DD}.Release|iPhoneSimulator.Deploy.0 = Release|Any CPU
		{2C2AD352-8145-4C65-976C-C66DCD54E1DD}.Release|x86.ActiveCfg = Release|x86
		{2C2AD352-8145-4C65-976C-C66DCD54E1DD}.Release|x86.Build.0 = Release|x86
		{2C2AD352-8145-4C65-976C-C66DCD54E1DD}.Release|x86.Deploy.0 = Release|x86
		{6135D27C-66A7-4F75-B4EB-0C00DC6FE68A}.Ad-Hoc|Any CPU.ActiveCfg = Release|Any CPU
		{6135D27C-66A7-4F75-B4EB-0C00DC6FE68A}.Ad-Hoc|Any CPU.Build.0 = Release|Any CPU
		{6135D27C-66A7-4F75-B4EB-0C00DC6FE68A}.Ad-Hoc|ARM.ActiveCfg = Release|Any CPU
		{6135D27C-66A7-4F75-B4EB-0C00DC6FE68A}.Ad-Hoc|ARM.Build.0 = Release|Any CPU
		{6135D27C-66A7-4F75-B4EB-0C00DC6FE68A}.Ad-Hoc|iPhone.ActiveCfg = Release|Any CPU
		{6135D27C-66A7-4F75-B4EB-0C00DC6FE68A}.Ad-Hoc|iPhone.Build.0 = Release|Any CPU
		{6135D27C-66A7-4F75-B4EB-0C00DC6FE68A}.Ad-Hoc|iPhoneSimulator.ActiveCfg = Release|Any CPU
		{6135D27C-66A7-4F75-B4EB-0C00DC6FE68A}.Ad-Hoc|iPhoneSimulator.Build.0 = Release|Any CPU
		{6135D27C-66A7-4F75-B4EB-0C00DC6FE68A}.Ad-Hoc|x86.ActiveCfg = Release|Any CPU
		{6135D27C-66A7-4F75-B4EB-0C00DC6FE68A}.Ad-Hoc|x86.Build.0 = Release|Any CPU
		{6135D27C-66A7-4F75-B4EB-0C00DC6FE68A}.AppStore|Any CPU.ActiveCfg = Release|Any CPU
		{6135D27C-66A7-4F75-B4EB-0C00DC6FE68A}.AppStore|Any CPU.Build.0 = Release|Any CPU
		{6135D27C-66A7-4F75-B4EB-0C00DC6FE68A}.AppStore|ARM.ActiveCfg = Release|Any CPU
		{6135D27C-66A7-4F75-B4EB-0C00DC6FE68A}.AppStore|ARM.Build.0 = Release|Any CPU
		{6135D27C-66A7-4F75-B4EB-0C00DC6FE68A}.AppStore|iPhone.ActiveCfg = Release|Any CPU
		{6135D27C-66A7-4F75-B4EB-0C00DC6FE68A}.AppStore|iPhone.Build.0 = Release|Any CPU
		{6135D27C-66A7-4F75-B4EB-0C00DC6FE68A}.AppStore|iPhoneSimulator.ActiveCfg = Release|Any CPU
		{6135D27C-66A7-4F75-B4EB-0C00DC6FE68A}.AppStore|iPhoneSimulator.Build.0 = Release|Any CPU
		{6135D27C-66A7-4F75-B4EB-0C00DC6FE68A}.AppStore|x86.ActiveCfg = Release|Any CPU
		{6135D27C-66A7-4F75-B4EB-0C00DC6FE68A}.AppStore|x86.Build.0 = Release|Any CPU
		{6135D27C-66A7-4F75-B4EB-0C00DC6FE68A}.Debug|Any CPU.ActiveCfg = Debug|Any CPU
		{6135D27C-66A7-4F75-B4EB-0C00DC6FE68A}.Debug|Any CPU.Build.0 = Debug|Any CPU
		{6135D27C-66A7-4F75-B4EB-0C00DC6FE68A}.Debug|ARM.ActiveCfg = Debug|Any CPU
		{6135D27C-66A7-4F75-B4EB-0C00DC6FE68A}.Debug|ARM.Build.0 = Debug|Any CPU
		{6135D27C-66A7-4F75-B4EB-0C00DC6FE68A}.Debug|iPhone.ActiveCfg = Debug|Any CPU
		{6135D27C-66A7-4F75-B4EB-0C00DC6FE68A}.Debug|iPhone.Build.0 = Debug|Any CPU
		{6135D27C-66A7-4F75-B4EB-0C00DC6FE68A}.Debug|iPhoneSimulator.ActiveCfg = Debug|Any CPU
		{6135D27C-66A7-4F75-B4EB-0C00DC6FE68A}.Debug|iPhoneSimulator.Build.0 = Debug|Any CPU
		{6135D27C-66A7-4F75-B4EB-0C00DC6FE68A}.Debug|x86.ActiveCfg = Debug|Any CPU
		{6135D27C-66A7-4F75-B4EB-0C00DC6FE68A}.Debug|x86.Build.0 = Debug|Any CPU
		{6135D27C-66A7-4F75-B4EB-0C00DC6FE68A}.Release|Any CPU.ActiveCfg = Release|Any CPU
		{6135D27C-66A7-4F75-B4EB-0C00DC6FE68A}.Release|Any CPU.Build.0 = Release|Any CPU
		{6135D27C-66A7-4F75-B4EB-0C00DC6FE68A}.Release|ARM.ActiveCfg = Release|Any CPU
		{6135D27C-66A7-4F75-B4EB-0C00DC6FE68A}.Release|ARM.Build.0 = Release|Any CPU
		{6135D27C-66A7-4F75-B4EB-0C00DC6FE68A}.Release|iPhone.ActiveCfg = Release|Any CPU
		{6135D27C-66A7-4F75-B4EB-0C00DC6FE68A}.Release|iPhone.Build.0 = Release|Any CPU
		{6135D27C-66A7-4F75-B4EB-0C00DC6FE68A}.Release|iPhoneSimulator.ActiveCfg = Release|Any CPU
		{6135D27C-66A7-4F75-B4EB-0C00DC6FE68A}.Release|iPhoneSimulator.Build.0 = Release|Any CPU
		{6135D27C-66A7-4F75-B4EB-0C00DC6FE68A}.Release|x86.ActiveCfg = Release|Any CPU
		{6135D27C-66A7-4F75-B4EB-0C00DC6FE68A}.Release|x86.Build.0 = Release|Any CPU
	EndGlobalSection
	GlobalSection(SolutionProperties) = preSolution
		HideSolutionNode = FALSE
	EndGlobalSection
EndGlobal
